Microsoft Visual Studio Solution File, Format Version 11.00
# Visual Studio 2008

Project("{86E2ABCE-5D2D-5112-1E13-26797238ED13}") = "ideass", "Assembly-CSharp-firstpass-vs.csproj", "{652A35C3-A329-858B-2CED-7A0A5262DBD6}"
EndProject
Project("{86E2ABCE-5D2D-5112-1E13-26797238ED13}") = "ideass", "Assembly-CSharp-vs.csproj", "{8E229F04-395A-A55D-CC4C-6FA9D03A936A}"
EndProject
Global
	GlobalSection(SolutionConfigurationPlatforms) = preSolution
		Debug|Any CPU = Debug|Any CPU
		Release|Any CPU = Release|Any CPU
	EndGlobalSection
	GlobalSection(ProjectConfigurationPlatforms) = postSolution
		{652A35C3-A329-858B-2CED-7A0A5262DBD6}.Debug|Any CPU.ActiveCfg = Debug|Any CPU
		{652A35C3-A329-858B-2CED-7A0A5262DBD6}.Debug|Any CPU.Build.0 = Debug|Any CPU
		{652A35C3-A329-858B-2CED-7A0A5262DBD6}.Release|Any CPU.ActiveCfg = Release|Any CPU
		{652A35C3-A329-858B-2CED-7A0A5262DBD6}.Release|Any CPU.Build.0 = Release|Any CPU
		{8E229F04-395A-A55D-CC4C-6FA9D03A936A}.Debug|Any CPU.ActiveCfg = Debug|Any CPU
		{8E229F04-395A-A55D-CC4C-6FA9D03A936A}.Debug|Any CPU.Build.0 = Debug|Any CPU
		{8E229F04-395A-A55D-CC4C-6FA9D03A936A}.Release|Any CPU.ActiveCfg = Release|Any CPU
		{8E229F04-395A-A55D-CC4C-6FA9D03A936A}.Release|Any CPU.Build.0 = Release|Any CPU
	EndGlobalSection
	GlobalSection(SolutionProperties) = preSolution
		HideSolutionNode = FALSE
	EndGlobalSection
									GlobalSection(MonoDevelopProperties) = preSolution
		StartupItem = Assembly-CSharp.csproj
		Policies = $0
		$0.TextStylePolicy = $1
		$1.inheritsSet = null
		$1.scope = text/x-csharp
		$0.CSharpFormattingPolicy = $2
		$2.inheritsSet = Mono
		$2.inheritsScope = text/x-csharp
		$2.scope = text/x-csharp
		$0.TextStylePolicy = $3
		$3.FileWidth = 120
		$3.TabWidth = 4
		$3.EolMarker = Unix
		$3.inheritsSet = Mono
		$3.inheritsScope = text/plain
		$3.scope = text/plain
	EndGlobalSection

EndGlobal
